
Microsoft Visual Studio Solution File, Format Version 12.00
# Visual Studio Version 16
VisualStudioVersion = 16.0.31005.135
MinimumVisualStudioVersion = 10.0.40219.1
Project("{9A19103F-16F7-4668-BE54-9A1E7A4F7556}") = "Oldsu.Bancho", "Oldsu.Bancho\Oldsu.Bancho.csproj", "{A439CE8F-3459-4A06-B19C-E0B9CD206D8A}"
EndProject
Project("{9A19103F-16F7-4668-BE54-9A1E7A4F7556}") = "Oldsu", "oldsu\oldsu\Oldsu.csproj", "{839CF88F-40AE-431B-A26D-F05FCA728983}"
EndProject
Global
	GlobalSection(SolutionConfigurationPlatforms) = preSolution
		Debug|Any CPU = Debug|Any CPU
		Release|Any CPU = Release|Any CPU
	EndGlobalSection
	GlobalSection(ProjectConfigurationPlatforms) = postSolution
		{A439CE8F-3459-4A06-B19C-E0B9CD206D8A}.Debug|Any CPU.ActiveCfg = Debug|Any CPU
		{A439CE8F-3459-4A06-B19C-E0B9CD206D8A}.Debug|Any CPU.Build.0 = Debug|Any CPU
		{A439CE8F-3459-4A06-B19C-E0B9CD206D8A}.Release|Any CPU.ActiveCfg = Release|Any CPU
		{A439CE8F-3459-4A06-B19C-E0B9CD206D8A}.Release|Any CPU.Build.0 = Release|Any CPU
		{839CF88F-40AE-431B-A26D-F05FCA728983}.Debug|Any CPU.ActiveCfg = Debug|Any CPU
		{839CF88F-40AE-431B-A26D-F05FCA728983}.Debug|Any CPU.Build.0 = Debug|Any CPU
		{839CF88F-40AE-431B-A26D-F05FCA728983}.Release|Any CPU.ActiveCfg = Release|Any CPU
		{839CF88F-40AE-431B-A26D-F05FCA728983}.Release|Any CPU.Build.0 = Release|Any CPU
	EndGlobalSection
	GlobalSection(SolutionProperties) = preSolution
		HideSolutionNode = FALSE
	EndGlobalSection
	GlobalSection(ExtensibilityGlobals) = postSolution
		SolutionGuid = {721FDBAC-D5F6-4BB0-98C2-3E7EA7E0DFD9}
	EndGlobalSection
EndGlobal
